// !$*UTF8*$!
{
	archiveVersion = 1;
	classes = {
	};
	objectVersion = 56;
	objects = {

/* Begin PBXBuildFile section */
		DADFAAC12AB9A8710000BA3C /* AppDelegate.swift in Sources */ = {isa = PBXBuildFile; fileRef = DADFAAC02AB9A8710000BA3C /* AppDelegate.swift */; };
		DADFAAC32AB9A8710000BA3C /* SceneDelegate.swift in Sources */ = {isa = PBXBuildFile; fileRef = DADFAAC22AB9A8710000BA3C /* SceneDelegate.swift */; };
		DADFAAC52AB9A8710000BA3C /* ViewController.swift in Sources */ = {isa = PBXBuildFile; fileRef = DADFAAC42AB9A8710000BA3C /* ViewController.swift */; };
		DADFAAC82AB9A8710000BA3C /* Main.storyboard in Resources */ = {isa = PBXBuildFile; fileRef = DADFAAC62AB9A8710000BA3C /* Main.storyboard */; };
		DADFAACA2AB9A8720000BA3C /* Assets.xcassets in Resources */ = {isa = PBXBuildFile; fileRef = DADFAAC92AB9A8720000BA3C /* Assets.xcassets */; };
		DADFAACD2AB9A8720000BA3C /* LaunchScreen.storyboard in Resources */ = {isa = PBXBuildFile; fileRef = DADFAACB2AB9A8720000BA3C /* LaunchScreen.storyboard */; };
		DADFAAD82AB9A8730000BA3C /* CounterTests.swift in Sources */ = {isa = PBXBuildFile; fileRef = DADFAAD72AB9A8730000BA3C /* CounterTests.swift */; };
		DADFAAE22AB9A8730000BA3C /* CounterUITests.swift in Sources */ = {isa = PBXBuildFile; fileRef = DADFAAE12AB9A8730000BA3C /* CounterUITests.swift */; };
		DADFAAE42AB9A8730000BA3C /* CounterUITestsLaunchTests.swift in Sources */ = {isa = PBXBuildFile; fileRef = DADFAAE32AB9A8730000BA3C /* CounterUITestsLaunchTests.swift */; };
/* End PBXBuildFile section */

/* Begin PBXContainerItemProxy section */
		DADFAAD42AB9A8730000BA3C /* PBXContainerItemProxy */ = {
			isa = PBXContainerItemProxy;
			containerPortal = DADFAAB52AB9A8710000BA3C /* Project object */;
			proxyType = 1;
			remoteGlobalIDString = DADFAABC2AB9A8710000BA3C;
			remoteInfo = Counter;
		};
		DADFAADE2AB9A8730000BA3C /* PBXContainerItemProxy */ = {
			isa = PBXContainerItemProxy;
			containerPortal = DADFAAB52AB9A8710000BA3C /* Project object */;
			proxyType = 1;
			remoteGlobalIDString = DADFAABC2AB9A8710000BA3C;
			remoteInfo = Counter;
		};
/* End PBXContainerItemProxy section */

/* Begin PBXFileReference section */
		DADFAABD2AB9A8710000BA3C /* Counter.app */ = {isa = PBXFileReference; explicitFileType = wrapper.application; includeInIndex = 0; path = Counter.app; sourceTree = BUILT_PRODUCTS_DIR; };
		DADFAAC02AB9A8710000BA3C /* AppDelegate.swift */ = {isa = PBXFileReference; lastKnownFileType = sourcecode.swift; path = AppDelegate.swift; sourceTree = "<group>"; };
		DADFAAC22AB9A8710000BA3C /* SceneDelegate.swift */ = {isa = PBXFileReference; lastKnownFileType = sourcecode.swift; path = SceneDelegate.swift; sourceTree = "<group>"; };
		DADFAAC42AB9A8710000BA3C /* ViewController.swift */ = {isa = PBXFileReference; lastKnownFileType = sourcecode.swift; path = ViewController.swift; sourceTree = "<group>"; };
		DADFAAC72AB9A8710000BA3C /* Base */ = {isa = PBXFileReference; lastKnownFileType = file.storyboard; name = Base; path = Base.lproj/Main.storyboard; sourceTree = "<group>"; };
		DADFAAC92AB9A8720000BA3C /* Assets.xcassets */ = {isa = PBXFileReference; lastKnownFileType = folder.assetcatalog; path = Assets.xcassets; sourceTree = "<group>"; };
		DADFAACC2AB9A8720000BA3C /* Base */ = {isa = PBXFileReference; lastKnownFileType = file.storyboard; name = Base; path = Base.lproj/LaunchScreen.storyboard; sourceTree = "<group>"; };
		DADFAACE2AB9A8720000BA3C /* Info.plist */ = {isa = PBXFileReference; lastKnownFileType = text.plist.xml; path = Info.plist; sourceTree = "<group>"; };
		DADFAAD32AB9A8730000BA3C /* CounterTests.xctest */ = {isa = PBXFileReference; explicitFileType = wrapper.cfbundle; includeInIndex = 0; path = CounterTests.xctest; sourceTree = BUILT_PRODUCTS_DIR; };
		DADFAAD72AB9A8730000BA3C /* CounterTests.swift */ = {isa = PBXFileReference; lastKnownFileType = sourcecode.swift; path = CounterTests.swift; sourceTree = "<group>"; };
		DADFAADD2AB9A8730000BA3C /* CounterUITests.xctest */ = {isa = PBXFileReference; explicitFileType = wrapper.cfbundle; includeInIndex = 0; path = CounterUITests.xctest; sourceTree = BUILT_PRODUCTS_DIR; };
		DADFAAE12AB9A8730000BA3C /* CounterUITests.swift */ = {isa = PBXFileReference; lastKnownFileType = sourcecode.swift; path = CounterUITests.swift; sourceTree = "<group>"; };
		DADFAAE32AB9A8730000BA3C /* CounterUITestsLaunchTests.swift */ = {isa = PBXFileReference; lastKnownFileType = sourcecode.swift; path = CounterUITestsLaunchTests.swift; sourceTree = "<group>"; };
/* End PBXFileReference section */

/* Begin PBXFrameworksBuildPhase section */
		DADFAABA2AB9A8710000BA3C /* Frameworks */ = {
			isa = PBXFrameworksBuildPhase;
			buildActionMask = 2147483647;
			files = (
			);
			runOnlyForDeploymentPostprocessing = 0;
		};
		DADFAAD02AB9A8730000BA3C /* Frameworks */ = {
			isa = PBXFrameworksBuildPhase;
			buildActionMask = 2147483647;
			files = (
			);
			runOnlyForDeploymentPostprocessing = 0;
		};
		DADFAADA2AB9A8730000BA3C /* Frameworks */ = {
			isa = PBXFrameworksBuildPhase;
			buildActionMask = 2147483647;
			files = (
			);
			runOnlyForDeploymentPostprocessing = 0;
		};
/* End PBXFrameworksBuildPhase section */

/* Begin PBXGroup section */
		DADFAAB42AB9A8710000BA3C = {
			isa = PBXGroup;
			children = (
				DADFAABF2AB9A8710000BA3C /* Counter */,
				DADFAAD62AB9A8730000BA3C /* CounterTests */,
				DADFAAE02AB9A8730000BA3C /* CounterUITests */,
				DADFAABE2AB9A8710000BA3C /* Products */,
			);
			sourceTree = "<group>";
		};
		DADFAABE2AB9A8710000BA3C /* Products */ = {
			isa = PBXGroup;
			children = (
				DADFAABD2AB9A8710000BA3C /* Counter.app */,
				DADFAAD32AB9A8730000BA3C /* CounterTests.xctest */,
				DADFAADD2AB9A8730000BA3C /* CounterUITests.xctest */,
			);
			name = Products;
			sourceTree = "<group>";
		};
		DADFAABF2AB9A8710000BA3C /* Counter */ = {
			isa = PBXGroup;
			children = (
				DADFAAC02AB9A8710000BA3C /* AppDelegate.swift */,
				DADFAAC22AB9A8710000BA3C /* SceneDelegate.swift */,
				DADFAAC42AB9A8710000BA3C /* ViewController.swift */,
				DADFAAC62AB9A8710000BA3C /* Main.storyboard */,
				DADFAAC92AB9A8720000BA3C /* Assets.xcassets */,
				DADFAACB2AB9A8720000BA3C /* LaunchScreen.storyboard */,
				DADFAACE2AB9A8720000BA3C /* Info.plist */,
			);
			path = Counter;
			sourceTree = "<group>";
		};
		DADFAAD62AB9A8730000BA3C /* CounterTests */ = {
			isa = PBXGroup;
			children = (
				DADFAAD72AB9A8730000BA3C /* CounterTests.swift */,
			);
			path = CounterTests;
			sourceTree = "<group>";
		};
		DADFAAE02AB9A8730000BA3C /* CounterUITests */ = {
			isa = PBXGroup;
			children = (
				DADFAAE12AB9A8730000BA3C /* CounterUITests.swift */,
				DADFAAE32AB9A8730000BA3C /* CounterUITestsLaunchTests.swift */,
			);
			path = CounterUITests;
			sourceTree = "<group>";
		};
/* End PBXGroup section */

/* Begin PBXNativeTarget section */
		DADFAABC2AB9A8710000BA3C /* Counter */ = {
			isa = PBXNativeTarget;
			buildConfigurationList = DADFAAE72AB9A8730000BA3C /* Build configuration list for PBXNativeTarget "Counter" */;
			buildPhases = (
				DADFAAB92AB9A8710000BA3C /* Sources */,
				DADFAABA2AB9A8710000BA3C /* Frameworks */,
				DADFAABB2AB9A8710000BA3C /* Resources */,
			);
			buildRules = (
			);
			dependencies = (
			);
			name = Counter;
			productName = Counter;
			productReference = DADFAABD2AB9A8710000BA3C /* Counter.app */;
			productType = "com.apple.product-type.application";
		};
		DADFAAD22AB9A8730000BA3C /* CounterTests */ = {
			isa = PBXNativeTarget;
			buildConfigurationList = DADFAAEA2AB9A8730000BA3C /* Build configuration list for PBXNativeTarget "CounterTests" */;
			buildPhases = (
				DADFAACF2AB9A8730000BA3C /* Sources */,
				DADFAAD02AB9A8730000BA3C /* Frameworks */,
				DADFAAD12AB9A8730000BA3C /* Resources */,
			);
			buildRules = (
			);
			dependencies = (
				DADFAAD52AB9A8730000BA3C /* PBXTargetDependency */,
			);
			name = CounterTests;
			productName = CounterTests;
			productReference = DADFAAD32AB9A8730000BA3C /* CounterTests.xctest */;
			productType = "com.apple.product-type.bundle.unit-test";
		};
		DADFAADC2AB9A8730000BA3C /* CounterUITests */ = {
			isa = PBXNativeTarget;
			buildConfigurationList = DADFAAED2AB9A8730000BA3C /* Build configuration list for PBXNativeTarget "CounterUITests" */;
			buildPhases = (
				DADFAAD92AB9A8730000BA3C /* Sources */,
				DADFAADA2AB9A8730000BA3C /* Frameworks */,
				DADFAADB2AB9A8730000BA3C /* Resources */,
			);
			buildRules = (
			);
			dependencies = (
				DADFAADF2AB9A8730000BA3C /* PBXTargetDependency */,
			);
			name = CounterUITests;
			productName = CounterUITests;
			productReference = DADFAADD2AB9A8730000BA3C /* CounterUITests.xctest */;
			productType = "com.apple.product-type.bundle.ui-testing";
		};
/* End PBXNativeTarget section */

/* Begin PBXProject section */
		DADFAAB52AB9A8710000BA3C /* Project object */ = {
			isa = PBXProject;
			attributes = {
				BuildIndependentTargetsInParallel = 1;
				LastSwiftUpdateCheck = 1430;
				LastUpgradeCheck = 1430;
				TargetAttributes = {
					DADFAABC2AB9A8710000BA3C = {
						CreatedOnToolsVersion = 14.3.1;
					};
					DADFAAD22AB9A8730000BA3C = {
						CreatedOnToolsVersion = 14.3.1;
						TestTargetID = DADFAABC2AB9A8710000BA3C;
					};
					DADFAADC2AB9A8730000BA3C = {
						CreatedOnToolsVersion = 14.3.1;
						TestTargetID = DADFAABC2AB9A8710000BA3C;
					};
				};
			};
			buildConfigurationList = DADFAAB82AB9A8710000BA3C /* Build configuration list for PBXProject "Counter" */;
			compatibilityVersion = "Xcode 14.0";
			developmentRegion = en;
			hasScannedForEncodings = 0;
			knownRegions = (
				en,
				Base,
			);
			mainGroup = DADFAAB42AB9A8710000BA3C;
			productRefGroup = DADFAABE2AB9A8710000BA3C /* Products */;
			projectDirPath = "";
			projectRoot = "";
			targets = (
				DADFAABC2AB9A8710000BA3C /* Counter */,
				DADFAAD22AB9A8730000BA3C /* CounterTests */,
				DADFAADC2AB9A8730000BA3C /* CounterUITests */,
			);
		};
/* End PBXProject section */

/* Begin PBXResourcesBuildPhase section */
		DADFAABB2AB9A8710000BA3C /* Resources */ = {
			isa = PBXResourcesBuildPhase;
			buildActionMask = 2147483647;
			files = (
				DADFAACD2AB9A8720000BA3C /* LaunchScreen.storyboard in Resources */,
				DADFAACA2AB9A8720000BA3C /* Assets.xcassets in Resources */,
				DADFAAC82AB9A8710000BA3C /* Main.storyboard in Resources */,
			);
			runOnlyForDeploymentPostprocessing = 0;
		};
		DADFAAD12AB9A8730000BA3C /* Resources */ = {
			isa = PBXResourcesBuildPhase;
			buildActionMask = 2147483647;
			files = (
			);
			runOnlyForDeploymentPostprocessing = 0;
		};
		DADFAADB2AB9A8730000BA3C /* Resources */ = {
			isa = PBXResourcesBuildPhase;
			buildActionMask = 2147483647;
			files = (
			);
			runOnlyForDeploymentPostprocessing = 0;
		};
/* End PBXResourcesBuildPhase section */

/* Begin PBXSourcesBuildPhase section */
		DADFAAB92AB9A8710000BA3C /* Sources */ = {
			isa = PBXSourcesBuildPhase;
			buildActionMask = 2147483647;
			files = (
				DADFAAC52AB9A8710000BA3C /* ViewController.swift in Sources */,
				DADFAAC12AB9A8710000BA3C /* AppDelegate.swift in Sources */,
				DADFAAC32AB9A8710000BA3C /* SceneDelegate.swift in Sources */,
			);
			runOnlyForDeploymentPostprocessing = 0;
		};
		DADFAACF2AB9A8730000BA3C /* Sources */ = {
			isa = PBXSourcesBuildPhase;
			buildActionMask = 2147483647;
			files = (
				DADFAAD82AB9A8730000BA3C /* CounterTests.swift in Sources */,
			);
			runOnlyForDeploymentPostprocessing = 0;
		};
		DADFAAD92AB9A8730000BA3C /* Sources */ = {
			isa = PBXSourcesBuildPhase;
			buildActionMask = 2147483647;
			files = (
				DADFAAE22AB9A8730000BA3C /* CounterUITests.swift in Sources */,
				DADFAAE42AB9A8730000BA3C /* CounterUITestsLaunchTests.swift in Sources */,
			);
			runOnlyForDeploymentPostprocessing = 0;
		};
/* End PBXSourcesBuildPhase section */

/* Begin PBXTargetDependency section */
		DADFAAD52AB9A8730000BA3C /* PBXTargetDependency */ = {
			isa = PBXTargetDependency;
			target = DADFAABC2AB9A8710000BA3C /* Counter */;
			targetProxy = DADFAAD42AB9A8730000BA3C /* PBXContainerItemProxy */;
		};
		DADFAADF2AB9A8730000BA3C /* PBXTargetDependency */ = {
			isa = PBXTargetDependency;
			target = DADFAABC2AB9A8710000BA3C /* Counter */;
			targetProxy = DADFAADE2AB9A8730000BA3C /* PBXContainerItemProxy */;
		};
/* End PBXTargetDependency section */

/* Begin PBXVariantGroup section */
		DADFAAC62AB9A8710000BA3C /* Main.storyboard */ = {
			isa = PBXVariantGroup;
			children = (
				DADFAAC72AB9A8710000BA3C /* Base */,
			);
			name = Main.storyboard;
			sourceTree = "<group>";
		};
		DADFAACB2AB9A8720000BA3C /* LaunchScreen.storyboard */ = {
			isa = PBXVariantGroup;
			children = (
				DADFAACC2AB9A8720000BA3C /* Base */,
			);
			name = LaunchScreen.storyboard;
			sourceTree = "<group>";
		};
/* End PBXVariantGroup section */

/* Begin XCBuildConfiguration section */
		DADFAAE52AB9A8730000BA3C /* Debug */ = {
			isa = XCBuildConfiguration;
			buildSettings = {
				ALWAYS_SEARCH_USER_PATHS = NO;
				CLANG_ANALYZER_NONNULL = YES;
				CLANG_ANALYZER_NUMBER_OBJECT_CONVERSION = YES_AGGRESSIVE;
				CLANG_CXX_LANGUAGE_STANDARD = "gnu++20";
				CLANG_ENABLE_MODULES = YES;
				CLANG_ENABLE_OBJC_ARC = YES;
				CLANG_ENABLE_OBJC_WEAK = YES;
				CLANG_WARN_BLOCK_CAPTURE_AUTORELEASING = YES;
				CLANG_WARN_BOOL_CONVERSION = YES;
				CLANG_WARN_COMMA = YES;
				CLANG_WARN_CONSTANT_CONVERSION = YES;
				CLANG_WARN_DEPRECATED_OBJC_IMPLEMENTATIONS = YES;
				CLANG_WARN_DIRECT_OBJC_ISA_USAGE = YES_ERROR;
				CLANG_WARN_DOCUMENTATION_COMMENTS = YES;
				CLANG_WARN_EMPTY_BODY = YES;
				CLANG_WARN_ENUM_CONVERSION = YES;
				CLANG_WARN_INFINITE_RECURSION = YES;
				CLANG_WARN_INT_CONVERSION = YES;
				CLANG_WARN_NON_LITERAL_NULL_CONVERSION = YES;
				CLANG_WARN_OBJC_IMPLICIT_RETAIN_SELF = YES;
				CLANG_WARN_OBJC_LITERAL_CONVERSION = YES;
				CLANG_WARN_OBJC_ROOT_CLASS = YES_ERROR;
				CLANG_WARN_QUOTED_INCLUDE_IN_FRAMEWORK_HEADER = YES;
				CLANG_WARN_RANGE_LOOP_ANALYSIS = YES;
				CLANG_WARN_STRICT_PROTOTYPES = YES;
				CLANG_WARN_SUSPICIOUS_MOVE = YES;
				CLANG_WARN_UNGUARDED_AVAILABILITY = YES_AGGRESSIVE;
				CLANG_WARN_UNREACHABLE_CODE = YES;
				CLANG_WARN__DUPLICATE_METHOD_MATCH = YES;
				COPY_PHASE_STRIP = NO;
				DEBUG_INFORMATION_FORMAT = dwarf;
				ENABLE_STRICT_OBJC_MSGSEND = YES;
				ENABLE_TESTABILITY = YES;
				GCC_C_LANGUAGE_STANDARD = gnu11;
				GCC_DYNAMIC_NO_PIC = NO;
				GCC_NO_COMMON_BLOCKS = YES;
				GCC_OPTIMIZATION_LEVEL = 0;
				GCC_PREPROCESSOR_DEFINITIONS = (
					"DEBUG=1",
					"$(inherited)",
				);
				GCC_WARN_64_TO_32_BIT_CONVERSION = YES;
				GCC_WARN_ABOUT_RETURN_TYPE = YES_ERROR;
				GCC_WARN_UNDECLARED_SELECTOR = YES;
				GCC_WARN_UNINITIALIZED_AUTOS = YES_AGGRESSIVE;
				GCC_WARN_UNUSED_FUNCTION = YES;
				GCC_WARN_UNUSED_VARIABLE = YES;
				IPHONEOS_DEPLOYMENT_TARGET = 16.4;
				MTL_ENABLE_DEBUG_INFO = INCLUDE_SOURCE;
				MTL_FAST_MATH = YES;
				ONLY_ACTIVE_ARCH = YES;
				SDKROOT = iphoneos;
				SWIFT_ACTIVE_COMPILATION_CONDITIONS = DEBUG;
				SWIFT_OPTIMIZATION_LEVEL = "-Onone";
			};
			name = Debug;
		};
		DADFAAE62AB9A8730000BA3C /* Release */ = {
			isa = XCBuildConfiguration;
			buildSettings = {
				ALWAYS_SEARCH_USER_PATHS = NO;
				CLANG_ANALYZER_NONNULL = YES;
				CLANG_ANALYZER_NUMBER_OBJECT_CONVERSION = YES_AGGRESSIVE;
				CLANG_CXX_LANGUAGE_STANDARD = "gnu++20";
				CLANG_ENABLE_MODULES = YES;
				CLANG_ENABLE_OBJC_ARC = YES;
				CLANG_ENABLE_OBJC_WEAK = YES;
				CLANG_WARN_BLOCK_CAPTURE_AUTORELEASING = YES;
				CLANG_WARN_BOOL_CONVERSION = YES;
				CLANG_WARN_COMMA = YES;
				CLANG_WARN_CONSTANT_CONVERSION = YES;
				CLANG_WARN_DEPRECATED_OBJC_IMPLEMENTATIONS = YES;
				CLANG_WARN_DIRECT_OBJC_ISA_USAGE = YES_ERROR;
				CLANG_WARN_DOCUMENTATION_COMMENTS = YES;
				CLANG_WARN_EMPTY_BODY = YES;
				CLANG_WARN_ENUM_CONVERSION = YES;
				CLANG_WARN_INFINITE_RECURSION = YES;
				CLANG_WARN_INT_CONVERSION = YES;
				CLANG_WARN_NON_LITERAL_NULL_CONVERSION = YES;
				CLANG_WARN_OBJC_IMPLICIT_RETAIN_SELF = YES;
				CLANG_WARN_OBJC_LITERAL_CONVERSION = YES;
				CLANG_WARN_OBJC_ROOT_CLASS = YES_ERROR;
				CLANG_WARN_QUOTED_INCLUDE_IN_FRAMEWORK_HEADER = YES;
				CLANG_WARN_RANGE_LOOP_ANALYSIS = YES;
				CLANG_WARN_STRICT_PROTOTYPES = YES;
				CLANG_WARN_SUSPICIOUS_MOVE = YES;
				CLANG_WARN_UNGUARDED_AVAILABILITY = YES_AGGRESSIVE;
				CLANG_WARN_UNREACHABLE_CODE = YES;
				CLANG_WARN__DUPLICATE_METHOD_MATCH = YES;
				COPY_PHASE_STRIP = NO;
				DEBUG_INFORMATION_FORMAT = "dwarf-with-dsym";
				ENABLE_NS_ASSERTIONS = NO;
				ENABLE_STRICT_OBJC_MSGSEND = YES;
				GCC_C_LANGUAGE_STANDARD = gnu11;
				GCC_NO_COMMON_BLOCKS = YES;
				GCC_WARN_64_TO_32_BIT_CONVERSION = YES;
				GCC_WARN_ABOUT_RETURN_TYPE = YES_ERROR;
				GCC_WARN_UNDECLARED_SELECTOR = YES;
				GCC_WARN_UNINITIALIZED_AUTOS = YES_AGGRESSIVE;
				GCC_WARN_UNUSED_FUNCTION = YES;
				GCC_WARN_UNUSED_VARIABLE = YES;
				IPHONEOS_DEPLOYMENT_TARGET = 16.4;
				MTL_ENABLE_DEBUG_INFO = NO;
				MTL_FAST_MATH = YES;
				SDKROOT = iphoneos;
				SWIFT_COMPILATION_MODE = wholemodule;
				SWIFT_OPTIMIZATION_LEVEL = "-O";
				VALIDATE_PRODUCT = YES;
			};
			name = Release;
		};
		DADFAAE82AB9A8730000BA3C /* Debug */ = {
			isa = XCBuildConfiguration;
			buildSettings = {
				ASSETCATALOG_COMPILER_APPICON_NAME = AppIcon;
				ASSETCATALOG_COMPILER_GLOBAL_ACCENT_COLOR_NAME = AccentColor;
				CODE_SIGN_STYLE = Automatic;
				CURRENT_PROJECT_VERSION = 1;
				GENERATE_INFOPLIST_FILE = YES;
				INFOPLIST_FILE = Counter/Info.plist;
				INFOPLIST_KEY_UIApplicationSupportsIndirectInputEvents = YES;
				INFOPLIST_KEY_UILaunchStoryboardName = LaunchScreen;
				INFOPLIST_KEY_UIMainStoryboardFile = Main;
				INFOPLIST_KEY_UISupportedInterfaceOrientations_iPad = "UIInterfaceOrientationPortrait UIInterfaceOrientationPortraitUpsideDown UIInterfaceOrientationLandscapeLeft UIInterfaceOrientationLandscapeRight";
				INFOPLIST_KEY_UISupportedInterfaceOrientations_iPhone = "UIInterfaceOrientationPortrait UIInterfaceOrientationLandscapeLeft UIInterfaceOrientationLandscapeRight";
				LD_RUNPATH_SEARCH_PATHS = (
					"$(inherited)",
					"@executable_path/Frameworks",
				);
				MARKETING_VERSION = 1.0;
				PRODUCT_BUNDLE_IDENTIFIER = test.Counter;
				PRODUCT_NAME = "$(TARGET_NAME)";
				SWIFT_EMIT_LOC_STRINGS = YES;
				SWIFT_VERSION = 5.0;
				TARGETED_DEVICE_FAMILY = "1,2";
			};
			name = Debug;
		};
		DADFAAE92AB9A8730000BA3C /* Release */ = {
			isa = XCBuildConfiguration;
			buildSettings = {
				ASSETCATALOG_COMPILER_APPICON_NAME = AppIcon;
				ASSETCATALOG_COMPILER_GLOBAL_ACCENT_COLOR_NAME = AccentColor;
				CODE_SIGN_STYLE = Automatic;
				CURRENT_PROJECT_VERSION = 1;
				GENERATE_INFOPLIST_FILE = YES;
				INFOPLIST_FILE = Counter/Info.plist;
				INFOPLIST_KEY_UIApplicationSupportsIndirectInputEvents = YES;
				INFOPLIST_KEY_UILaunchStoryboardName = LaunchScreen;
				INFOPLIST_KEY_UIMainStoryboardFile = Main;
				INFOPLIST_KEY_UISupportedInterfaceOrientations_iPad = "UIInterfaceOrientationPortrait UIInterfaceOrientationPortraitUpsideDown UIInterfaceOrientationLandscapeLeft UIInterfaceOrientationLandscapeRight";
				INFOPLIST_KEY_UISupportedInterfaceOrientations_iPhone = "UIInterfaceOrientationPortrait UIInterfaceOrientationLandscapeLeft UIInterfaceOrientationLandscapeRight";
				LD_RUNPATH_SEARCH_PATHS = (
					"$(inherited)",
					"@executable_path/Frameworks",
				);
				MARKETING_VERSION = 1.0;
				PRODUCT_BUNDLE_IDENTIFIER = test.Counter;
				PRODUCT_NAME = "$(TARGET_NAME)";
				SWIFT_EMIT_LOC_STRINGS = YES;
				SWIFT_VERSION = 5.0;
				TARGETED_DEVICE_FAMILY = "1,2";
			};
			name = Release;
		};
		DADFAAEB2AB9A8730000BA3C /* Debug */ = {
			isa = XCBuildConfiguration;
			buildSettings = {
				ALWAYS_EMBED_SWIFT_STANDARD_LIBRARIES = YES;
				BUNDLE_LOADER = "$(TEST_HOST)";
				CODE_SIGN_STYLE = Automatic;
				CURRENT_PROJECT_VERSION = 1;
				GENERATE_INFOPLIST_FILE = YES;
				IPHONEOS_DEPLOYMENT_TARGET = 16.4;
				MARKETING_VERSION = 1.0;
				PRODUCT_BUNDLE_IDENTIFIER = test.CounterTests;
				PRODUCT_NAME = "$(TARGET_NAME)";
				SWIFT_EMIT_LOC_STRINGS = NO;
				SWIFT_VERSION = 5.0;
				TARGETED_DEVICE_FAMILY = "1,2";
				TEST_HOST = "$(BUILT_PRODUCTS_DIR)/Counter.app/$(BUNDLE_EXECUTABLE_FOLDER_PATH)/Counter";
			};
			name = Debug;
		};
		DADFAAEC2AB9A8730000BA3C /* Release */ = {
			isa = XCBuildConfiguration;
			buildSettings = {
				ALWAYS_EMBED_SWIFT_STANDARD_LIBRARIES = YES;
				BUNDLE_LOADER = "$(TEST_HOST)";
				CODE_SIGN_STYLE = Automatic;
				CURRENT_PROJECT_VERSION = 1;
				GENERATE_INFOPLIST_FILE = YES;
				IPHONEOS_DEPLOYMENT_TARGET = 16.4;
				MARKETING_VERSION = 1.0;
				PRODUCT_BUNDLE_IDENTIFIER = test.CounterTests;
				PRODUCT_NAME = "$(TARGET_NAME)";
				SWIFT_EMIT_LOC_STRINGS = NO;
				SWIFT_VERSION = 5.0;
				TARGETED_DEVICE_FAMILY = "1,2";
				TEST_HOST = "$(BUILT_PRODUCTS_DIR)/Counter.app/$(BUNDLE_EXECUTABLE_FOLDER_PATH)/Counter";
			};
			name = Release;
		};
		DADFAAEE2AB9A8730000BA3C /* Debug */ = {
			isa = XCBuildConfiguration;
			buildSettings = {
				ALWAYS_EMBED_SWIFT_STANDARD_LIBRARIES = YES;
				CODE_SIGN_STYLE = Automatic;
				CURRENT_PROJECT_VERSION = 1;
				GENERATE_INFOPLIST_FILE = YES;
				MARKETING_VERSION = 1.0;
				PRODUCT_BUNDLE_IDENTIFIER = test.CounterUITests;
				PRODUCT_NAME = "$(TARGET_NAME)";
				SWIFT_EMIT_LOC_STRINGS = NO;
				SWIFT_VERSION = 5.0;
				TARGETED_DEVICE_FAMILY = "1,2";
				TEST_TARGET_NAME = Counter;
			};
			name = Debug;
		};
		DADFAAEF2AB9A8730000BA3C /* Release */ = {
			isa = XCBuildConfiguration;
			buildSettings = {
				ALWAYS_EMBED_SWIFT_STANDARD_LIBRARIES = YES;
				CODE_SIGN_STYLE = Automatic;
				CURRENT_PROJECT_VERSION = 1;
				GENERATE_INFOPLIST_FILE = YES;
				MARKETING_VERSION = 1.0;
				PRODUCT_BUNDLE_IDENTIFIER = test.CounterUITests;
				PRODUCT_NAME = "$(TARGET_NAME)";
				SWIFT_EMIT_LOC_STRINGS = NO;
				SWIFT_VERSION = 5.0;
				TARGETED_DEVICE_FAMILY = "1,2";
				TEST_TARGET_NAME = Counter;
			};
			name = Release;
		};
/* End XCBuildConfiguration section */

/* Begin XCConfigurationList section */
		DADFAAB82AB9A8710000BA3C /* Build configuration list for PBXProject "Counter" */ = {
			isa = XCConfigurationList;
			buildConfigurations = (
				DADFAAE52AB9A8730000BA3C /* Debug */,
				DADFAAE62AB9A8730000BA3C /* Release */,
			);
			defaultConfigurationIsVisible = 0;
			defaultConfigurationName = Release;
		};
		DADFAAE72AB9A8730000BA3C /* Build configuration list for PBXNativeTarget "Counter" */ = {
			isa = XCConfigurationList;
			buildConfigurations = (
				DADFAAE82AB9A8730000BA3C /* Debug */,
				DADFAAE92AB9A8730000BA3C /* Release */,
			);
			defaultConfigurationIsVisible = 0;
			defaultConfigurationName = Release;
		};
		DADFAAEA2AB9A8730000BA3C /* Build configuration list for PBXNativeTarget "CounterTests" */ = {
			isa = XCConfigurationList;
			buildConfigurations = (
				DADFAAEB2AB9A8730000BA3C /* Debug */,
				DADFAAEC2AB9A8730000BA3C /* Release */,
			);
			defaultConfigurationIsVisible = 0;
			defaultConfigurationName = Release;
		};
		DADFAAED2AB9A8730000BA3C /* Build configuration list for PBXNativeTarget "CounterUITests" */ = {
			isa = XCConfigurationList;
			buildConfigurations = (
				DADFAAEE2AB9A8730000BA3C /* Debug */,
				DADFAAEF2AB9A8730000BA3C /* Release */,
			);
			defaultConfigurationIsVisible = 0;
			defaultConfigurationName = Release;
		};
/* End XCConfigurationList section */
	};
	rootObject = DADFAAB52AB9A8710000BA3C /* Project object */;
}
